// !$*UTF8*$!
{
	archiveVersion = 1;
	classes = {
	};
	objectVersion = 46;
	objects = {

/* Begin PBXBuildFile section */
		D4ACD5621C23214800A2F5D0 /* AppDelegate.swift in Sources */ = {isa = PBXBuildFile; fileRef = D4ACD5611C23214800A2F5D0 /* AppDelegate.swift */; };
		D4ACD5641C23214800A2F5D0 /* ViewController.swift in Sources */ = {isa = PBXBuildFile; fileRef = D4ACD5631C23214800A2F5D0 /* ViewController.swift */; };
		D4ACD5671C23214800A2F5D0 /* Main.storyboard in Resources */ = {isa = PBXBuildFile; fileRef = D4ACD5651C23214800A2F5D0 /* Main.storyboard */; };
		D4ACD5691C23214800A2F5D0 /* Assets.xcassets in Resources */ = {isa = PBXBuildFile; fileRef = D4ACD5681C23214800A2F5D0 /* Assets.xcassets */; };
		D4ACD56C1C23214800A2F5D0 /* LaunchScreen.storyboard in Resources */ = {isa = PBXBuildFile; fileRef = D4ACD56A1C23214800A2F5D0 /* LaunchScreen.storyboard */; };
		D4ACD5741C2355FF00A2F5D0 /* TreeView.swift in Sources */ = {isa = PBXBuildFile; fileRef = D4ACD5731C2355FF00A2F5D0 /* TreeView.swift */; };
/* End PBXBuildFile section */

/* Begin PBXFileReference section */
		D4ACD55E1C23214800A2F5D0 /* Swift Tree.app */ = {isa = PBXFileReference; explicitFileType = wrapper.application; includeInIndex = 0; path = "Swift Tree.app"; sourceTree = BUILT_PRODUCTS_DIR; };
		D4ACD5611C23214800A2F5D0 /* AppDelegate.swift */ = {isa = PBXFileReference; lastKnownFileType = sourcecode.swift; path = AppDelegate.swift; sourceTree = "<group>"; };
		D4ACD5631C23214800A2F5D0 /* ViewController.swift */ = {isa = PBXFileReference; lastKnownFileType = sourcecode.swift; path = ViewController.swift; sourceTree = "<group>"; };
		D4ACD5661C23214800A2F5D0 /* Base */ = {isa = PBXFileReference; lastKnownFileType = file.storyboard; name = Base; path = Base.lproj/Main.storyboard; sourceTree = "<group>"; };
		D4ACD5681C23214800A2F5D0 /* Assets.xcassets */ = {isa = PBXFileReference; lastKnownFileType = folder.assetcatalog; path = Assets.xcassets; sourceTree = "<group>"; };
		D4ACD56B1C23214800A2F5D0 /* Base */ = {isa = PBXFileReference; lastKnownFileType = file.storyboard; name = Base; path = Base.lproj/LaunchScreen.storyboard; sourceTree = "<group>"; };
		D4ACD56D1C23214800A2F5D0 /* Info.plist */ = {isa = PBXFileReference; lastKnownFileType = text.plist.xml; path = Info.plist; sourceTree = "<group>"; };
		D4ACD5731C2355FF00A2F5D0 /* TreeView.swift */ = {isa = PBXFileReference; fileEncoding = 4; lastKnownFileType = sourcecode.swift; path = TreeView.swift; sourceTree = "<group>"; };
/* End PBXFileReference section */

/* Begin PBXFrameworksBuildPhase section */
		D4ACD55B1C23214800A2F5D0 /* Frameworks */ = {
			isa = PBXFrameworksBuildPhase;
			buildActionMask = 2147483647;
			files = (
			);
			runOnlyForDeploymentPostprocessing = 0;
		};
/* End PBXFrameworksBuildPhase section */

/* Begin PBXGroup section */
		D4ACD5551C23214800A2F5D0 = {
			isa = PBXGroup;
			children = (
				D4ACD5601C23214800A2F5D0 /* Swift Tree */,
				D4ACD55F1C23214800A2F5D0 /* Products */,
			);
			sourceTree = "<group>";
		};
		D4ACD55F1C23214800A2F5D0 /* Products */ = {
			isa = PBXGroup;
			children = (
				D4ACD55E1C23214800A2F5D0 /* Swift Tree.app */,
			);
			name = Products;
			sourceTree = "<group>";
		};
		D4ACD5601C23214800A2F5D0 /* Swift Tree */ = {
			isa = PBXGroup;
			children = (
				D4ACD5611C23214800A2F5D0 /* AppDelegate.swift */,
				D4ACD5731C2355FF00A2F5D0 /* TreeView.swift */,
				D4ACD5631C23214800A2F5D0 /* ViewController.swift */,
				D4ACD5651C23214800A2F5D0 /* Main.storyboard */,
				D4ACD5681C23214800A2F5D0 /* Assets.xcassets */,
				D4ACD56A1C23214800A2F5D0 /* LaunchScreen.storyboard */,
				D4ACD56D1C23214800A2F5D0 /* Info.plist */,
			);
			path = "Swift Tree";
			sourceTree = "<group>";
		};
/* End PBXGroup section */

/* Begin PBXNativeTarget section */
		D4ACD55D1C23214800A2F5D0 /* Swift Tree */ = {
			isa = PBXNativeTarget;
			buildConfigurationList = D4ACD5701C23214800A2F5D0 /* Build configuration list for PBXNativeTarget "Swift Tree" */;
			buildPhases = (
				D4ACD55A1C23214800A2F5D0 /* Sources */,
				D4ACD55B1C23214800A2F5D0 /* Frameworks */,
				D4ACD55C1C23214800A2F5D0 /* Resources */,
			);
			buildRules = (
			);
			dependencies = (
			);
			name = "Swift Tree";
			productName = "Swift Tree";
			productReference = D4ACD55E1C23214800A2F5D0 /* Swift Tree.app */;
			productType = "com.apple.product-type.application";
		};
/* End PBXNativeTarget section */

/* Begin PBXProject section */
		D4ACD5561C23214800A2F5D0 /* Project object */ = {
			isa = PBXProject;
			attributes = {
				LastSwiftUpdateCheck = 0720;
				LastUpgradeCheck = 0720;
				ORGANIZATIONNAME = "Skyler Arnold";
				TargetAttributes = {
					D4ACD55D1C23214800A2F5D0 = {
						CreatedOnToolsVersion = 7.2;
					};
				};
			};
			buildConfigurationList = D4ACD5591C23214800A2F5D0 /* Build configuration list for PBXProject "Swift Tree" */;
			compatibilityVersion = "Xcode 3.2";
			developmentRegion = English;
			hasScannedForEncodings = 0;
			knownRegions = (
				en,
				Base,
			);
			mainGroup = D4ACD5551C23214800A2F5D0;
			productRefGroup = D4ACD55F1C23214800A2F5D0 /* Products */;
			projectDirPath = "";
			projectRoot = "";
			targets = (
				D4ACD55D1C23214800A2F5D0 /* Swift Tree */,
			);
		};
/* End PBXProject section */

/* Begin PBXResourcesBuildPhase section */
		D4ACD55C1C23214800A2F5D0 /* Resources */ = {
			isa = PBXResourcesBuildPhase;
			buildActionMask = 2147483647;
			files = (
				D4ACD56C1C23214800A2F5D0 /* LaunchScreen.storyboard in Resources */,
				D4ACD5691C23214800A2F5D0 /* Assets.xcassets in Resources */,
				D4ACD5671C23214800A2F5D0 /* Main.storyboard in Resources */,
			);
			runOnlyForDeploymentPostprocessing = 0;
		};
/* End PBXResourcesBuildPhase section */

/* Begin PBXSourcesBuildPhase section */
		D4ACD55A1C23214800A2F5D0 /* Sources */ = {
			isa = PBXSourcesBuildPhase;
			buildActionMask = 2147483647;
			files = (
				D4ACD5641C23214800A2F5D0 /* ViewController.swift in Sources */,
				D4ACD5741C2355FF00A2F5D0 /* TreeView.swift in Sources */,
				D4ACD5621C23214800A2F5D0 /* AppDelegate.swift in Sources */,
			);
			runOnlyForDeploymentPostprocessing = 0;
		};
/* End PBXSourcesBuildPhase section */

/* Begin PBXVariantGroup section */
		D4ACD5651C23214800A2F5D0 /* Main.storyboard */ = {
			isa = PBXVariantGroup;
			children = (
				D4ACD5661C23214800A2F5D0 /* Base */,
			);
			name = Main.storyboard;
			sourceTree = "<group>";
		};
		D4ACD56A1C23214800A2F5D0 /* LaunchScreen.storyboard */ = {
			isa = PBXVariantGroup;
			children = (
				D4ACD56B1C23214800A2F5D0 /* Base */,
			);
			name = LaunchScreen.storyboard;
			sourceTree = "<group>";
		};
/* End PBXVariantGroup section */

/* Begin XCBuildConfiguration section */
		D4ACD56E1C23214800A2F5D0 /* Debug */ = {
			isa = XCBuildConfiguration;
			buildSettings = {
				ALWAYS_SEARCH_USER_PATHS = NO;
				CLANG_CXX_LANGUAGE_STANDARD = "gnu++0x";
				CLANG_CXX_LIBRARY = "libc++";
				CLANG_ENABLE_MODULES = YES;
				CLANG_ENABLE_OBJC_ARC = YES;
				CLANG_WARN_BOOL_CONVERSION = YES;
				CLANG_WARN_CONSTANT_CONVERSION = YES;
				CLANG_WARN_DIRECT_OBJC_ISA_USAGE = YES_ERROR;
				CLANG_WARN_EMPTY_BODY = YES;
				CLANG_WARN_ENUM_CONVERSION = YES;
				CLANG_WARN_INT_CONVERSION = YES;
				CLANG_WARN_OBJC_ROOT_CLASS = YES_ERROR;
				CLANG_WARN_UNREACHABLE_CODE = YES;
				CLANG_WARN__DUPLICATE_METHOD_MATCH = YES;
				"CODE_SIGN_IDENTITY[sdk=iphoneos*]" = "iPhone Developer";
				COPY_PHASE_STRIP = NO;
				DEBUG_INFORMATION_FORMAT = dwarf;
				ENABLE_STRICT_OBJC_MSGSEND = YES;
				ENABLE_TESTABILITY = YES;
				GCC_C_LANGUAGE_STANDARD = gnu99;
				GCC_DYNAMIC_NO_PIC = NO;
				GCC_NO_COMMON_BLOCKS = YES;
				GCC_OPTIMIZATION_LEVEL = 0;
				GCC_PREPROCESSOR_DEFINITIONS = (
					"DEBUG=1",
					"$(inherited)",
				);
				GCC_WARN_64_TO_32_BIT_CONVERSION = YES;
				GCC_WARN_ABOUT_RETURN_TYPE = YES_ERROR;
				GCC_WARN_UNDECLARED_SELECTOR = YES;
				GCC_WARN_UNINITIALIZED_AUTOS = YES_AGGRESSIVE;
				GCC_WARN_UNUSED_FUNCTION = YES;
				GCC_WARN_UNUSED_VARIABLE = YES;
				IPHONEOS_DEPLOYMENT_TARGET = 9.2;
				MTL_ENABLE_DEBUG_INFO = YES;
				ONLY_ACTIVE_ARCH = YES;
				SDKROOT = iphoneos;
				SWIFT_OPTIMIZATION_LEVEL = "-Onone";
				TARGETED_DEVICE_FAMILY = "1,2";
			};
			name = Debug;
		};
		D4ACD56F1C23214800A2F5D0 /* Release */ = {
			isa = XCBuildConfiguration;
			buildSettings = {
				ALWAYS_SEARCH_USER_PATHS = NO;
				CLANG_CXX_LANGUAGE_STANDARD = "gnu++0x";
				CLANG_CXX_LIBRARY = "libc++";
				CLANG_ENABLE_MODULES = YES;
				CLANG_ENABLE_OBJC_ARC = YES;
				CLANG_WARN_BOOL_CONVERSION = YES;
				CLANG_WARN_CONSTANT_CONVERSION = YES;
				CLANG_WARN_DIRECT_OBJC_ISA_USAGE = YES_ERROR;
				CLANG_WARN_EMPTY_BODY = YES;
				CLANG_WARN_ENUM_CONVERSION = YES;
				CLANG_WARN_INT_CONVERSION = YES;
				CLANG_WARN_OBJC_ROOT_CLASS = YES_ERROR;
				CLANG_WARN_UNREACHABLE_CODE = YES;
				CLANG_WARN__DUPLICATE_METHOD_MATCH = YES;
				"CODE_SIGN_IDENTITY[sdk=iphoneos*]" = "iPhone Developer";
				COPY_PHASE_STRIP = NO;
				DEBUG_INFORMATION_FORMAT = "dwarf-with-dsym";
				ENABLE_NS_ASSERTIONS = NO;
				ENABLE_STRICT_OBJC_MSGSEND = YES;
				GCC_C_LANGUAGE_STANDARD = gnu99;
				GCC_NO_COMMON_BLOCKS = YES;
				GCC_WARN_64_TO_32_BIT_CONVERSION = YES;
				GCC_WARN_ABOUT_RETURN_TYPE = YES_ERROR;
				GCC_WARN_UNDECLARED_SELECTOR = YES;
				GCC_WARN_UNINITIALIZED_AUTOS = YES_AGGRESSIVE;
				GCC_WARN_UNUSED_FUNCTION = YES;
				GCC_WARN_UNUSED_VARIABLE = YES;
				IPHONEOS_DEPLOYMENT_TARGET = 9.2;
				MTL_ENABLE_DEBUG_INFO = NO;
				SDKROOT = iphoneos;
				TARGETED_DEVICE_FAMILY = "1,2";
				VALIDATE_PRODUCT = YES;
			};
			name = Release;
		};
		D4ACD5711C23214800A2F5D0 /* Debug */ = {
			isa = XCBuildConfiguration;
			buildSettings = {
				ASSETCATALOG_COMPILER_APPICON_NAME = AppIcon;
				INFOPLIST_FILE = "Swift Tree/Info.plist";
				LD_RUNPATH_SEARCH_PATHS = "$(inherited) @executable_path/Frameworks";
				PRODUCT_BUNDLE_IDENTIFIER = "com.skyler.Swift-Tree";
				PRODUCT_NAME = "$(TARGET_NAME)";
			};
			name = Debug;
		};
		D4ACD5721C23214800A2F5D0 /* Release */ = {
			isa = XCBuildConfiguration;
			buildSettings = {
				ASSETCATALOG_COMPILER_APPICON_NAME = AppIcon;
				INFOPLIST_FILE = "Swift Tree/Info.plist";
				LD_RUNPATH_SEARCH_PATHS = "$(inherited) @executable_path/Frameworks";
				PRODUCT_BUNDLE_IDENTIFIER = "com.skyler.Swift-Tree";
				PRODUCT_NAME = "$(TARGET_NAME)";
			};
			name = Release;
		};
/* End XCBuildConfiguration section */

/* Begin XCConfigurationList section */
		D4ACD5591C23214800A2F5D0 /* Build configuration list for PBXProject "Swift Tree" */ = {
			isa = XCConfigurationList;
			buildConfigurations = (
				D4ACD56E1C23214800A2F5D0 /* Debug */,
				D4ACD56F1C23214800A2F5D0 /* Release */,
			);
			defaultConfigurationIsVisible = 0;
			defaultConfigurationName = Release;
		};
		D4ACD5701C23214800A2F5D0 /* Build configuration list for PBXNativeTarget "Swift Tree" */ = {
			isa = XCConfigurationList;
			buildConfigurations = (
				D4ACD5711C23214800A2F5D0 /* Debug */,
				D4ACD5721C23214800A2F5D0 /* Release */,
			);
			defaultConfigurationIsVisible = 0;
		};
/* End XCConfigurationList section */
	};
	rootObject = D4ACD5561C23214800A2F5D0 /* Project object */;
}
